# This file was autogenerated by Stack.
# You should not edit this file by hand.
# For more information, please see the documentation at:
#   https://docs.haskellstack.org/en/stable/topics/lock_files

packages:
- completed:
    hackage: clash-ghc-1.8.3@sha256:9e870c7197b7d6d0be49a40cc440ddb8a42180c8f0e2fc5b4c5e29de658c40c7,9866
    pantry-tree:
      sha256: 4804fde6500cfe7f0b1276e9b4beb6f7b25b38c6f7b5b10ae84686ea45ea01ec
      size: 6782
  original:
    hackage: clash-ghc-1.8.3
- completed:
    hackage: clash-lib-1.8.3@sha256:25f36c9c73b6738200c0386c54d517a45f642c7f74e6c5478065446e1c3ea56e,15721
    pantry-tree:
      sha256: 7baf4be347e5531c0ad666268f7d60ead3d6b6a4e3f102ce46dd2a18ec54f917
      size: 24084
  original:
    hackage: clash-lib-1.8.3
- completed:
    hackage: clash-prelude-1.8.3@sha256:44791436972213a37b197148f4b333a91849ad7377557c23eef7ee161430d4eb,17871
    pantry-tree:
      sha256: 40bf04daf31761975abfd739ab39540489f5d961b483a83004f10eda3530f9fa
      size: 13730
  original:
    hackage: clash-prelude-1.8.3
- completed:
    hackage: clash-prelude-hedgehog-1.8.3@sha256:461e3a04cbceaaf0f5a9dd5857defd56e9578e4abfd9ce10504bd1c332d328b7,1415
    pantry-tree:
      sha256: 7c75e31c16278a2edc5274bc478932e68286a0669b57f46c8e227dbe98af8a32
      size: 735
  original:
    hackage: clash-prelude-hedgehog-1.8.3
- completed:
    hackage: prettyprinter-interp-0.2.0.0@sha256:3741dbb628c6735673934556cc1bca5703ded2676bfe4baa93ffad16ca16f530,2272
    pantry-tree:
      sha256: ab64d00a5c96931b5574c63aa970dcf7d1356549b7de61e19778ae77bbaafd55
      size: 300
  original:
    hackage: prettyprinter-interp-0.2.0.0
- completed:
    commit: 456a45fcf965357921f7f435d87ee6c6719d4c5f
    git: https://github.com/clash-lang/clash-protocols.git
    name: clash-protocols
    pantry-tree:
      sha256: 4998b0fe7b836ffa9e5e83a76c548ec4c2d134d6ff1df914e7201986e79a2291
      size: 4475
    subdir: clash-protocols
    version: '0.1'
  original:
    commit: 456a45fcf965357921f7f435d87ee6c6719d4c5f
    git: https://github.com/clash-lang/clash-protocols.git
    subdir: clash-protocols
- completed:
    commit: 456a45fcf965357921f7f435d87ee6c6719d4c5f
    git: https://github.com/clash-lang/clash-protocols.git
    name: clash-protocols-base
    pantry-tree:
      sha256: f9474f639165befcb16685d2c5f880cef1c724c733d8fb7460b78b6fb14eea7f
      size: 803
    subdir: clash-protocols-base
    version: '0.1'
  original:
    commit: 456a45fcf965357921f7f435d87ee6c6719d4c5f
    git: https://github.com/clash-lang/clash-protocols.git
    subdir: clash-protocols-base
- completed:
    commit: a99969b79df6752532792fd30482b83cf3285f52
    git: https://github.com/cchalmers/circuit-notation.git
    name: circuit-notation
    pantry-tree:
      sha256: e0d68840a6d6d7f0cc2387ecc737ba2f3d26eef1404e589bde242040f0af3245
      size: 927
    version: 0.1.0.0
  original:
    commit: a99969b79df6752532792fd30482b83cf3285f52
    git: https://github.com/cchalmers/circuit-notation.git
snapshots:
- completed:
    sha256: 238fa745b64f91184f9aa518fe04bdde6552533d169b0da5256670df83a0f1a9
    size: 721141
    url: https://raw.githubusercontent.com/commercialhaskell/stackage-snapshots/master/lts/22/44.yaml
  original: lts-22.44
